
Microsoft Visual Studio Solution File, Format Version 12.00
# Visual Studio 15
VisualStudioVersion = 15.0.27428.2015
MinimumVisualStudioVersion = 10.0.40219.1
Project("{FAE04EC0-301F-11D3-BF4B-00C04F79EFBC}") = "HashingApp", "HashingApp\HashingApp.csproj", "{F7E6DA74-27A2-4310-80BC-594BEF7FCD0A}"
EndProject
Project("{FAE04EC0-301F-11D3-BF4B-00C04F79EFBC}") = "Abstracts", "Abstracts\Abstracts.csproj", "{2583C47D-38F8-481B-9FBB-7C8317D0EF99}"
EndProject
Project("{FAE04EC0-301F-11D3-BF4B-00C04F79EFBC}") = "Implements", "Implements\Implements.csproj", "{F9C005F7-8E66-4D32-8B18-121751C0868F}"
EndProject
Project("{FAE04EC0-301F-11D3-BF4B-00C04F79EFBC}") = "DataStructs", "DataStructs\DataStructs.csproj", "{1DCB5BDB-DF74-47BD-AD5F-A19EEBF7E0EC}"
EndProject
Global
	GlobalSection(SolutionConfigurationPlatforms) = preSolution
		Debug|Any CPU = Debug|Any CPU
		Release|Any CPU = Release|Any CPU
	EndGlobalSection
	GlobalSection(ProjectConfigurationPlatforms) = postSolution
		{F7E6DA74-27A2-4310-80BC-594BEF7FCD0A}.Debug|Any CPU.ActiveCfg = Debug|Any CPU
		{F7E6DA74-27A2-4310-80BC-594BEF7FCD0A}.Debug|Any CPU.Build.0 = Debug|Any CPU
		{F7E6DA74-27A2-4310-80BC-594BEF7FCD0A}.Release|Any CPU.ActiveCfg = Release|Any CPU
		{F7E6DA74-27A2-4310-80BC-594BEF7FCD0A}.Release|Any CPU.Build.0 = Release|Any CPU
		{2583C47D-38F8-481B-9FBB-7C8317D0EF99}.Debug|Any CPU.ActiveCfg = Debug|Any CPU
		{2583C47D-38F8-481B-9FBB-7C8317D0EF99}.Debug|Any CPU.Build.0 = Debug|Any CPU
		{2583C47D-38F8-481B-9FBB-7C8317D0EF99}.Release|Any CPU.ActiveCfg = Release|Any CPU
		{2583C47D-38F8-481B-9FBB-7C8317D0EF99}.Release|Any CPU.Build.0 = Release|Any CPU
		{F9C005F7-8E66-4D32-8B18-121751C0868F}.Debug|Any CPU.ActiveCfg = Debug|Any CPU
		{F9C005F7-8E66-4D32-8B18-121751C0868F}.Debug|Any CPU.Build.0 = Debug|Any CPU
		{F9C005F7-8E66-4D32-8B18-121751C0868F}.Release|Any CPU.ActiveCfg = Release|Any CPU
		{F9C005F7-8E66-4D32-8B18-121751C0868F}.Release|Any CPU.Build.0 = Release|Any CPU
		{1DCB5BDB-DF74-47BD-AD5F-A19EEBF7E0EC}.Debug|Any CPU.ActiveCfg = Debug|Any CPU
		{1DCB5BDB-DF74-47BD-AD5F-A19EEBF7E0EC}.Debug|Any CPU.Build.0 = Debug|Any CPU
		{1DCB5BDB-DF74-47BD-AD5F-A19EEBF7E0EC}.Release|Any CPU.ActiveCfg = Release|Any CPU
		{1DCB5BDB-DF74-47BD-AD5F-A19EEBF7E0EC}.Release|Any CPU.Build.0 = Release|Any CPU
	EndGlobalSection
	GlobalSection(SolutionProperties) = preSolution
		HideSolutionNode = FALSE
	EndGlobalSection
	GlobalSection(ExtensibilityGlobals) = postSolution
		SolutionGuid = {2C90115D-8FEF-416A-82DB-087A343239EF}
	EndGlobalSection
EndGlobal
